// !$*UTF8*$!
{
	archiveVersion = 1;
	classes = {
	};
	objectVersion = 46;
	objects = {

/* Begin PBXBuildFile section */
		413ECA741E1675000049A628 /* AppDelegate.swift in Sources */ = {isa = PBXBuildFile; fileRef = 413ECA731E1675000049A628 /* AppDelegate.swift */; };
		413ECA761E1675000049A628 /* PhotoListVC.swift in Sources */ = {isa = PBXBuildFile; fileRef = 413ECA751E1675000049A628 /* PhotoListVC.swift */; };
		413ECA7B1E1675000049A628 /* Assets.xcassets in Resources */ = {isa = PBXBuildFile; fileRef = 413ECA7A1E1675000049A628 /* Assets.xcassets */; };
		413ECA7E1E1675000049A628 /* LaunchScreen.storyboard in Resources */ = {isa = PBXBuildFile; fileRef = 413ECA7C1E1675000049A628 /* LaunchScreen.storyboard */; };
		413ECA8C1E1680AA0049A628 /* MediaPickerManager.swift in Sources */ = {isa = PBXBuildFile; fileRef = 413ECA8B1E1680AA0049A628 /* MediaPickerManager.swift */; };
		413ECA8E1E16F24A0049A628 /* PhotoFilterVC.swift in Sources */ = {isa = PBXBuildFile; fileRef = 413ECA8D1E16F24A0049A628 /* PhotoFilterVC.swift */; };
		413ECA901E172E700049A628 /* FilteredImageBuilder.swift in Sources */ = {isa = PBXBuildFile; fileRef = 413ECA8F1E172E700049A628 /* FilteredImageBuilder.swift */; };
		413ECA921E17E63E0049A628 /* FilteredImageCell.swift in Sources */ = {isa = PBXBuildFile; fileRef = 413ECA911E17E63E0049A628 /* FilteredImageCell.swift */; };
		413ECA941E1842860049A628 /* CoreDataController.swift in Sources */ = {isa = PBXBuildFile; fileRef = 413ECA931E1842860049A628 /* CoreDataController.swift */; };
		413ECA971E18A7C90049A628 /* Facesnap.xcdatamodeld in Sources */ = {isa = PBXBuildFile; fileRef = 413ECA951E18A7C90049A628 /* Facesnap.xcdatamodeld */; };
		413ECA991E18AACA0049A628 /* Photo.swift in Sources */ = {isa = PBXBuildFile; fileRef = 413ECA981E18AACA0049A628 /* Photo.swift */; };
		413ECA9B1E18AC7D0049A628 /* Tag.swift in Sources */ = {isa = PBXBuildFile; fileRef = 413ECA9A1E18AC7D0049A628 /* Tag.swift */; };
		413ECA9D1E18ACA20049A628 /* Location.swift in Sources */ = {isa = PBXBuildFile; fileRef = 413ECA9C1E18ACA20049A628 /* Location.swift */; };
		413ECA9F1E18E9C70049A628 /* PhotoMetadataVC.swift in Sources */ = {isa = PBXBuildFile; fileRef = 413ECA9E1E18E9C70049A628 /* PhotoMetadataVC.swift */; };
		41944ABB1E191EB700DE02B8 /* LocationManager.swift in Sources */ = {isa = PBXBuildFile; fileRef = 41944ABA1E191EB700DE02B8 /* LocationManager.swift */; };
		41944ABD1E19339F00DE02B8 /* PhotoDataSource.swift in Sources */ = {isa = PBXBuildFile; fileRef = 41944ABC1E19339F00DE02B8 /* PhotoDataSource.swift */; };
		41944ABF1E19569200DE02B8 /* PhotoFetchedResultsController.swift in Sources */ = {isa = PBXBuildFile; fileRef = 41944ABE1E19569200DE02B8 /* PhotoFetchedResultsController.swift */; };
		41944AC11E19598F00DE02B8 /* PhotoCell.swift in Sources */ = {isa = PBXBuildFile; fileRef = 41944AC01E19598F00DE02B8 /* PhotoCell.swift */; };
/* End PBXBuildFile section */

/* Begin PBXFileReference section */
		413ECA701E1675000049A628 /* Facesnap.app */ = {isa = PBXFileReference; explicitFileType = wrapper.application; includeInIndex = 0; path = Facesnap.app; sourceTree = BUILT_PRODUCTS_DIR; };
		413ECA731E1675000049A628 /* AppDelegate.swift */ = {isa = PBXFileReference; lastKnownFileType = sourcecode.swift; path = AppDelegate.swift; sourceTree = "<group>"; };
		413ECA751E1675000049A628 /* PhotoListVC.swift */ = {isa = PBXFileReference; lastKnownFileType = sourcecode.swift; path = PhotoListVC.swift; sourceTree = "<group>"; };
		413ECA7A1E1675000049A628 /* Assets.xcassets */ = {isa = PBXFileReference; lastKnownFileType = folder.assetcatalog; path = Assets.xcassets; sourceTree = "<group>"; };
		413ECA7D1E1675000049A628 /* Base */ = {isa = PBXFileReference; lastKnownFileType = file.storyboard; name = Base; path = Base.lproj/LaunchScreen.storyboard; sourceTree = "<group>"; };
		413ECA7F1E1675000049A628 /* Info.plist */ = {isa = PBXFileReference; lastKnownFileType = text.plist.xml; path = Info.plist; sourceTree = "<group>"; };
		413ECA8B1E1680AA0049A628 /* MediaPickerManager.swift */ = {isa = PBXFileReference; fileEncoding = 4; lastKnownFileType = sourcecode.swift; path = MediaPickerManager.swift; sourceTree = "<group>"; };
		413ECA8D1E16F24A0049A628 /* PhotoFilterVC.swift */ = {isa = PBXFileReference; fileEncoding = 4; lastKnownFileType = sourcecode.swift; path = PhotoFilterVC.swift; sourceTree = "<group>"; };
		413ECA8F1E172E700049A628 /* FilteredImageBuilder.swift */ = {isa = PBXFileReference; fileEncoding = 4; lastKnownFileType = sourcecode.swift; path = FilteredImageBuilder.swift; sourceTree = "<group>"; };
		413ECA911E17E63E0049A628 /* FilteredImageCell.swift */ = {isa = PBXFileReference; fileEncoding = 4; lastKnownFileType = sourcecode.swift; path = FilteredImageCell.swift; sourceTree = "<group>"; };
		413ECA931E1842860049A628 /* CoreDataController.swift */ = {isa = PBXFileReference; fileEncoding = 4; lastKnownFileType = sourcecode.swift; path = CoreDataController.swift; sourceTree = "<group>"; };
		413ECA961E18A7C90049A628 /* Facesnap.xcdatamodel */ = {isa = PBXFileReference; lastKnownFileType = wrapper.xcdatamodel; path = Facesnap.xcdatamodel; sourceTree = "<group>"; };
		413ECA981E18AACA0049A628 /* Photo.swift */ = {isa = PBXFileReference; fileEncoding = 4; lastKnownFileType = sourcecode.swift; path = Photo.swift; sourceTree = "<group>"; };
		413ECA9A1E18AC7D0049A628 /* Tag.swift */ = {isa = PBXFileReference; fileEncoding = 4; lastKnownFileType = sourcecode.swift; path = Tag.swift; sourceTree = "<group>"; };
		413ECA9C1E18ACA20049A628 /* Location.swift */ = {isa = PBXFileReference; fileEncoding = 4; lastKnownFileType = sourcecode.swift; path = Location.swift; sourceTree = "<group>"; };
		413ECA9E1E18E9C70049A628 /* PhotoMetadataVC.swift */ = {isa = PBXFileReference; fileEncoding = 4; lastKnownFileType = sourcecode.swift; path = PhotoMetadataVC.swift; sourceTree = "<group>"; };
		41944ABA1E191EB700DE02B8 /* LocationManager.swift */ = {isa = PBXFileReference; fileEncoding = 4; lastKnownFileType = sourcecode.swift; path = LocationManager.swift; sourceTree = "<group>"; };
		41944ABC1E19339F00DE02B8 /* PhotoDataSource.swift */ = {isa = PBXFileReference; fileEncoding = 4; lastKnownFileType = sourcecode.swift; path = PhotoDataSource.swift; sourceTree = "<group>"; };
		41944ABE1E19569200DE02B8 /* PhotoFetchedResultsController.swift */ = {isa = PBXFileReference; fileEncoding = 4; lastKnownFileType = sourcecode.swift; path = PhotoFetchedResultsController.swift; sourceTree = "<group>"; };
		41944AC01E19598F00DE02B8 /* PhotoCell.swift */ = {isa = PBXFileReference; fileEncoding = 4; lastKnownFileType = sourcecode.swift; path = PhotoCell.swift; sourceTree = "<group>"; };
/* End PBXFileReference section */

/* Begin PBXFrameworksBuildPhase section */
		413ECA6D1E1675000049A628 /* Frameworks */ = {
			isa = PBXFrameworksBuildPhase;
			buildActionMask = 2147483647;
			files = (
			);
			runOnlyForDeploymentPostprocessing = 0;
		};
/* End PBXFrameworksBuildPhase section */

/* Begin PBXGroup section */
		413ECA671E1675000049A628 = {
			isa = PBXGroup;
			children = (
				413ECA721E1675000049A628 /* Facesnap */,
				413ECA711E1675000049A628 /* Products */,
			);
			sourceTree = "<group>";
		};
		413ECA711E1675000049A628 /* Products */ = {
			isa = PBXGroup;
			children = (
				413ECA701E1675000049A628 /* Facesnap.app */,
			);
			name = Products;
			sourceTree = "<group>";
		};
		413ECA721E1675000049A628 /* Facesnap */ = {
			isa = PBXGroup;
			children = (
				413ECA891E1675F60049A628 /* Model */,
				413ECA881E1675F10049A628 /* View */,
				413ECA871E1675EB0049A628 /* Controller */,
				413ECA8A1E1680910049A628 /* Helpers */,
				413ECA861E1675E20049A628 /* Resources */,
				413ECA851E1675D70049A628 /* Supporting Files */,
			);
			path = Facesnap;
			sourceTree = "<group>";
		};
		413ECA851E1675D70049A628 /* Supporting Files */ = {
			isa = PBXGroup;
			children = (
				413ECA7C1E1675000049A628 /* LaunchScreen.storyboard */,
				413ECA731E1675000049A628 /* AppDelegate.swift */,
				413ECA7F1E1675000049A628 /* Info.plist */,
			);
			name = "Supporting Files";
			sourceTree = "<group>";
		};
		413ECA861E1675E20049A628 /* Resources */ = {
			isa = PBXGroup;
			children = (
				413ECA7A1E1675000049A628 /* Assets.xcassets */,
			);
			name = Resources;
			sourceTree = "<group>";
		};
		413ECA871E1675EB0049A628 /* Controller */ = {
			isa = PBXGroup;
			children = (
				413ECA751E1675000049A628 /* PhotoListVC.swift */,
				413ECA8D1E16F24A0049A628 /* PhotoFilterVC.swift */,
				413ECA9E1E18E9C70049A628 /* PhotoMetadataVC.swift */,
			);
			name = Controller;
			sourceTree = "<group>";
		};
		413ECA881E1675F10049A628 /* View */ = {
			isa = PBXGroup;
			children = (
				413ECA911E17E63E0049A628 /* FilteredImageCell.swift */,
				41944AC01E19598F00DE02B8 /* PhotoCell.swift */,
			);
			name = View;
			sourceTree = "<group>";
		};
		413ECA891E1675F60049A628 /* Model */ = {
			isa = PBXGroup;
			children = (
				413ECA951E18A7C90049A628 /* Facesnap.xcdatamodeld */,
				413ECA981E18AACA0049A628 /* Photo.swift */,
				413ECA9A1E18AC7D0049A628 /* Tag.swift */,
				413ECA9C1E18ACA20049A628 /* Location.swift */,
				41944ABC1E19339F00DE02B8 /* PhotoDataSource.swift */,
			);
			name = Model;
			sourceTree = "<group>";
		};
		413ECA8A1E1680910049A628 /* Helpers */ = {
			isa = PBXGroup;
			children = (
				413ECA8B1E1680AA0049A628 /* MediaPickerManager.swift */,
				413ECA8F1E172E700049A628 /* FilteredImageBuilder.swift */,
				413ECA931E1842860049A628 /* CoreDataController.swift */,
				41944ABA1E191EB700DE02B8 /* LocationManager.swift */,
				41944ABE1E19569200DE02B8 /* PhotoFetchedResultsController.swift */,
			);
			name = Helpers;
			sourceTree = "<group>";
		};
/* End PBXGroup section */

/* Begin PBXNativeTarget section */
		413ECA6F1E1675000049A628 /* Facesnap */ = {
			isa = PBXNativeTarget;
			buildConfigurationList = 413ECA821E1675000049A628 /* Build configuration list for PBXNativeTarget "Facesnap" */;
			buildPhases = (
				413ECA6C1E1675000049A628 /* Sources */,
				413ECA6D1E1675000049A628 /* Frameworks */,
				413ECA6E1E1675000049A628 /* Resources */,
			);
			buildRules = (
			);
			dependencies = (
			);
			name = Facesnap;
			productName = Facesnap;
			productReference = 413ECA701E1675000049A628 /* Facesnap.app */;
			productType = "com.apple.product-type.application";
		};
/* End PBXNativeTarget section */

/* Begin PBXProject section */
		413ECA681E1675000049A628 /* Project object */ = {
			isa = PBXProject;
			attributes = {
				LastSwiftUpdateCheck = 0820;
				LastUpgradeCheck = 0820;
				ORGANIZATIONNAME = "Muhammad Moaz";
				TargetAttributes = {
					413ECA6F1E1675000049A628 = {
						CreatedOnToolsVersion = 8.2;
						DevelopmentTeam = 69CH9UTLK7;
						ProvisioningStyle = Automatic;
					};
				};
			};
			buildConfigurationList = 413ECA6B1E1675000049A628 /* Build configuration list for PBXProject "Facesnap" */;
			compatibilityVersion = "Xcode 3.2";
			developmentRegion = English;
			hasScannedForEncodings = 0;
			knownRegions = (
				en,
				Base,
			);
			mainGroup = 413ECA671E1675000049A628;
			productRefGroup = 413ECA711E1675000049A628 /* Products */;
			projectDirPath = "";
			projectRoot = "";
			targets = (
				413ECA6F1E1675000049A628 /* Facesnap */,
			);
		};
/* End PBXProject section */

/* Begin PBXResourcesBuildPhase section */
		413ECA6E1E1675000049A628 /* Resources */ = {
			isa = PBXResourcesBuildPhase;
			buildActionMask = 2147483647;
			files = (
				413ECA7E1E1675000049A628 /* LaunchScreen.storyboard in Resources */,
				413ECA7B1E1675000049A628 /* Assets.xcassets in Resources */,
			);
			runOnlyForDeploymentPostprocessing = 0;
		};
/* End PBXResourcesBuildPhase section */

/* Begin PBXSourcesBuildPhase section */
		413ECA6C1E1675000049A628 /* Sources */ = {
			isa = PBXSourcesBuildPhase;
			buildActionMask = 2147483647;
			files = (
				413ECA901E172E700049A628 /* FilteredImageBuilder.swift in Sources */,
				41944ABD1E19339F00DE02B8 /* PhotoDataSource.swift in Sources */,
				413ECA9D1E18ACA20049A628 /* Location.swift in Sources */,
				413ECA8C1E1680AA0049A628 /* MediaPickerManager.swift in Sources */,
				41944AC11E19598F00DE02B8 /* PhotoCell.swift in Sources */,
				413ECA9B1E18AC7D0049A628 /* Tag.swift in Sources */,
				413ECA9F1E18E9C70049A628 /* PhotoMetadataVC.swift in Sources */,
				413ECA921E17E63E0049A628 /* FilteredImageCell.swift in Sources */,
				413ECA991E18AACA0049A628 /* Photo.swift in Sources */,
				413ECA941E1842860049A628 /* CoreDataController.swift in Sources */,
				413ECA761E1675000049A628 /* PhotoListVC.swift in Sources */,
				413ECA741E1675000049A628 /* AppDelegate.swift in Sources */,
				413ECA971E18A7C90049A628 /* Facesnap.xcdatamodeld in Sources */,
				41944ABF1E19569200DE02B8 /* PhotoFetchedResultsController.swift in Sources */,
				413ECA8E1E16F24A0049A628 /* PhotoFilterVC.swift in Sources */,
				41944ABB1E191EB700DE02B8 /* LocationManager.swift in Sources */,
			);
			runOnlyForDeploymentPostprocessing = 0;
		};
/* End PBXSourcesBuildPhase section */

/* Begin PBXVariantGroup section */
		413ECA7C1E1675000049A628 /* LaunchScreen.storyboard */ = {
			isa = PBXVariantGroup;
			children = (
				413ECA7D1E1675000049A628 /* Base */,
			);
			name = LaunchScreen.storyboard;
			sourceTree = "<group>";
		};
/* End PBXVariantGroup section */

/* Begin XCBuildConfiguration section */
		413ECA801E1675000049A628 /* Debug */ = {
			isa = XCBuildConfiguration;
			buildSettings = {
				ALWAYS_SEARCH_USER_PATHS = NO;
				CLANG_ANALYZER_NONNULL = YES;
				CLANG_CXX_LANGUAGE_STANDARD = "gnu++0x";
				CLANG_CXX_LIBRARY = "libc++";
				CLANG_ENABLE_MODULES = YES;
				CLANG_ENABLE_OBJC_ARC = YES;
				CLANG_WARN_BOOL_CONVERSION = YES;
				CLANG_WARN_CONSTANT_CONVERSION = YES;
				CLANG_WARN_DIRECT_OBJC_ISA_USAGE = YES_ERROR;
				CLANG_WARN_DOCUMENTATION_COMMENTS = YES;
				CLANG_WARN_EMPTY_BODY = YES;
				CLANG_WARN_ENUM_CONVERSION = YES;
				CLANG_WARN_INFINITE_RECURSION = YES;
				CLANG_WARN_INT_CONVERSION = YES;
				CLANG_WARN_OBJC_ROOT_CLASS = YES_ERROR;
				CLANG_WARN_SUSPICIOUS_MOVE = YES;
				CLANG_WARN_UNREACHABLE_CODE = YES;
				CLANG_WARN__DUPLICATE_METHOD_MATCH = YES;
				"CODE_SIGN_IDENTITY[sdk=iphoneos*]" = "iPhone Developer";
				COPY_PHASE_STRIP = NO;
				DEBUG_INFORMATION_FORMAT = dwarf;
				ENABLE_STRICT_OBJC_MSGSEND = YES;
				ENABLE_TESTABILITY = YES;
				GCC_C_LANGUAGE_STANDARD = gnu99;
				GCC_DYNAMIC_NO_PIC = NO;
				GCC_NO_COMMON_BLOCKS = YES;
				GCC_OPTIMIZATION_LEVEL = 0;
				GCC_PREPROCESSOR_DEFINITIONS = (
					"DEBUG=1",
					"$(inherited)",
				);
				GCC_WARN_64_TO_32_BIT_CONVERSION = YES;
				GCC_WARN_ABOUT_RETURN_TYPE = YES_ERROR;
				GCC_WARN_UNDECLARED_SELECTOR = YES;
				GCC_WARN_UNINITIALIZED_AUTOS = YES_AGGRESSIVE;
				GCC_WARN_UNUSED_FUNCTION = YES;
				GCC_WARN_UNUSED_VARIABLE = YES;
				IPHONEOS_DEPLOYMENT_TARGET = 10.2;
				MTL_ENABLE_DEBUG_INFO = YES;
				ONLY_ACTIVE_ARCH = YES;
				SDKROOT = iphoneos;
				SWIFT_ACTIVE_COMPILATION_CONDITIONS = DEBUG;
				SWIFT_OPTIMIZATION_LEVEL = "-Onone";
			};
			name = Debug;
		};
		413ECA811E1675000049A628 /* Release */ = {
			isa = XCBuildConfiguration;
			buildSettings = {
				ALWAYS_SEARCH_USER_PATHS = NO;
				CLANG_ANALYZER_NONNULL = YES;
				CLANG_CXX_LANGUAGE_STANDARD = "gnu++0x";
				CLANG_CXX_LIBRARY = "libc++";
				CLANG_ENABLE_MODULES = YES;
				CLANG_ENABLE_OBJC_ARC = YES;
				CLANG_WARN_BOOL_CONVERSION = YES;
				CLANG_WARN_CONSTANT_CONVERSION = YES;
				CLANG_WARN_DIRECT_OBJC_ISA_USAGE = YES_ERROR;
				CLANG_WARN_DOCUMENTATION_COMMENTS = YES;
				CLANG_WARN_EMPTY_BODY = YES;
				CLANG_WARN_ENUM_CONVERSION = YES;
				CLANG_WARN_INFINITE_RECURSION = YES;
				CLANG_WARN_INT_CONVERSION = YES;
				CLANG_WARN_OBJC_ROOT_CLASS = YES_ERROR;
				CLANG_WARN_SUSPICIOUS_MOVE = YES;
				CLANG_WARN_UNREACHABLE_CODE = YES;
				CLANG_WARN__DUPLICATE_METHOD_MATCH = YES;
				"CODE_SIGN_IDENTITY[sdk=iphoneos*]" = "iPhone Developer";
				COPY_PHASE_STRIP = NO;
				DEBUG_INFORMATION_FORMAT = "dwarf-with-dsym";
				ENABLE_NS_ASSERTIONS = NO;
				ENABLE_STRICT_OBJC_MSGSEND = YES;
				GCC_C_LANGUAGE_STANDARD = gnu99;
				GCC_NO_COMMON_BLOCKS = YES;
				GCC_WARN_64_TO_32_BIT_CONVERSION = YES;
				GCC_WARN_ABOUT_RETURN_TYPE = YES_ERROR;
				GCC_WARN_UNDECLARED_SELECTOR = YES;
				GCC_WARN_UNINITIALIZED_AUTOS = YES_AGGRESSIVE;
				GCC_WARN_UNUSED_FUNCTION = YES;
				GCC_WARN_UNUSED_VARIABLE = YES;
				IPHONEOS_DEPLOYMENT_TARGET = 10.2;
				MTL_ENABLE_DEBUG_INFO = NO;
				SDKROOT = iphoneos;
				SWIFT_OPTIMIZATION_LEVEL = "-Owholemodule";
				VALIDATE_PRODUCT = YES;
			};
			name = Release;
		};
		413ECA831E1675000049A628 /* Debug */ = {
			isa = XCBuildConfiguration;
			buildSettings = {
				ASSETCATALOG_COMPILER_APPICON_NAME = AppIcon;
				DEVELOPMENT_TEAM = 69CH9UTLK7;
				INFOPLIST_FILE = Facesnap/Info.plist;
				LD_RUNPATH_SEARCH_PATHS = "$(inherited) @executable_path/Frameworks";
				PRODUCT_BUNDLE_IDENTIFIER = Moaz.Facesnap;
				PRODUCT_NAME = "$(TARGET_NAME)";
				SWIFT_VERSION = 3.0;
			};
			name = Debug;
		};
		413ECA841E1675000049A628 /* Release */ = {
			isa = XCBuildConfiguration;
			buildSettings = {
				ASSETCATALOG_COMPILER_APPICON_NAME = AppIcon;
				DEVELOPMENT_TEAM = 69CH9UTLK7;
				INFOPLIST_FILE = Facesnap/Info.plist;
				LD_RUNPATH_SEARCH_PATHS = "$(inherited) @executable_path/Frameworks";
				PRODUCT_BUNDLE_IDENTIFIER = Moaz.Facesnap;
				PRODUCT_NAME = "$(TARGET_NAME)";
				SWIFT_VERSION = 3.0;
			};
			name = Release;
		};
/* End XCBuildConfiguration section */

/* Begin XCConfigurationList section */
		413ECA6B1E1675000049A628 /* Build configuration list for PBXProject "Facesnap" */ = {
			isa = XCConfigurationList;
			buildConfigurations = (
				413ECA801E1675000049A628 /* Debug */,
				413ECA811E1675000049A628 /* Release */,
			);
			defaultConfigurationIsVisible = 0;
			defaultConfigurationName = Release;
		};
		413ECA821E1675000049A628 /* Build configuration list for PBXNativeTarget "Facesnap" */ = {
			isa = XCConfigurationList;
			buildConfigurations = (
				413ECA831E1675000049A628 /* Debug */,
				413ECA841E1675000049A628 /* Release */,
			);
			defaultConfigurationIsVisible = 0;
			defaultConfigurationName = Release;
		};
/* End XCConfigurationList section */

/* Begin XCVersionGroup section */
		413ECA951E18A7C90049A628 /* Facesnap.xcdatamodeld */ = {
			isa = XCVersionGroup;
			children = (
				413ECA961E18A7C90049A628 /* Facesnap.xcdatamodel */,
			);
			currentVersion = 413ECA961E18A7C90049A628 /* Facesnap.xcdatamodel */;
			path = Facesnap.xcdatamodeld;
			sourceTree = "<group>";
			versionGroupType = wrapper.xcdatamodel;
		};
/* End XCVersionGroup section */
	};
	rootObject = 413ECA681E1675000049A628 /* Project object */;
}
